
Microsoft Visual Studio Solution File, Format Version 12.00
# Visual Studio Version 18
VisualStudioVersion = 18.2.11415.280 d18.0
MinimumVisualStudioVersion = 10.0.40219.1
Project("{FAE04EC0-301F-11D3-BF4B-00C04F79EFBC}") = "Laba2", "Laba2.csproj", "{2C9E5745-C392-4DC8-8AE3-E5B1F42AD315}"
EndProject
Global
	GlobalSection(SolutionConfigurationPlatforms) = preSolution
		Debug|Any CPU = Debug|Any CPU
		Release|Any CPU = Release|Any CPU
	EndGlobalSection
	GlobalSection(ProjectConfigurationPlatforms) = postSolution
		{2C9E5745-C392-4DC8-8AE3-E5B1F42AD315}.Debug|Any CPU.ActiveCfg = Debug|Any CPU
		{2C9E5745-C392-4DC8-8AE3-E5B1F42AD315}.Debug|Any CPU.Build.0 = Debug|Any CPU
		{2C9E5745-C392-4DC8-8AE3-E5B1F42AD315}.Release|Any CPU.ActiveCfg = Release|Any CPU
		{2C9E5745-C392-4DC8-8AE3-E5B1F42AD315}.Release|Any CPU.Build.0 = Release|Any CPU
	EndGlobalSection
	GlobalSection(SolutionProperties) = preSolution
		HideSolutionNode = FALSE
	EndGlobalSection
	GlobalSection(ExtensibilityGlobals) = postSolution
		SolutionGuid = {92C1BFD0-7912-4512-BA0E-7933C30787DC}
	EndGlobalSection
EndGlobal
